{
  "name": "ocbesbn-redis-events",
  "version": "1.0.5",
  "lockfileVersion": 1,
  "requires": true,
  "dependencies": {
    "bluebird": {
      "version": "3.5.1",
      "resolved": "https://registry.npmjs.org/bluebird/-/bluebird-3.5.1.tgz",
      "integrity": "sha512-MKiLiV+I1AA596t9w1sQJ8jkiSr5+ZKi0WKrYGUn6d1Fx+Ij4tIj+m2WMQSGczs5jZVxV339chE8iwk6F64wjA=="
    },
    "bluebird-retry": {
      "version": "0.10.1",
      "resolved": "https://registry.npmjs.org/bluebird-retry/-/bluebird-retry-0.10.1.tgz",
      "integrity": "sha1-zfdrAdSm3U/sTiyENgqKCQB/Z9o="
    },
    "clone": {
      "version": "2.1.1",
      "resolved": "https://registry.npmjs.org/clone/-/clone-2.1.1.tgz",
      "integrity": "sha1-0hfR6WERjjrJpLi7oyhVU79kfNs="
    },
    "consul": {
      "version": "0.27.0",
      "resolved": "https://registry.npmjs.org/consul/-/consul-0.27.0.tgz",
      "integrity": "sha1-PYyIwqDYdTaa/EYJiDBJlSj8dMQ=",
      "requires": {
        "papi": "0.27.0"
      }
    },
    "double-ended-queue": {
      "version": "2.1.0-0",
      "resolved": "https://registry.npmjs.org/double-ended-queue/-/double-ended-queue-2.1.0-0.tgz",
      "integrity": "sha1-ED01J/0xUo9AGIEwyEHv3XgmTlw="
    },
    "extend": {
      "version": "3.0.1",
      "resolved": "https://registry.npmjs.org/extend/-/extend-3.0.1.tgz",
      "integrity": "sha1-p1Xqe8Gt/MWjHOfnYtuq3F5jZEQ="
    },
    "lodash": {
      "version": "4.17.4",
      "resolved": "https://registry.npmjs.org/lodash/-/lodash-4.17.4.tgz",
      "integrity": "sha1-eCA6TRwyiuHYbcpkYONptX9AVa4="
    },
    "node-cache": {
      "version": "4.1.1",
      "resolved": "https://registry.npmjs.org/node-cache/-/node-cache-4.1.1.tgz",
      "integrity": "sha1-CFJGRe5AOd7cPcwd18a5eeBhnkQ=",
      "requires": {
        "clone": "2.1.1",
        "lodash": "4.17.4"
      }
    },
    "ocbesbn-config": {
      "version": "2.2.11",
      "resolved": "https://registry.npmjs.org/ocbesbn-config/-/ocbesbn-config-2.2.11.tgz",
      "integrity": "sha1-0SomPipiOaiNV40fTNXbN6AKfE0=",
      "requires": {
        "bluebird": "3.5.1",
        "bluebird-retry": "0.10.1",
        "consul": "0.27.0",
        "extend": "3.0.1",
        "node-cache": "4.1.1",
        "ocbesbn-logger": "1.0.5"
      }
    },
    "ocbesbn-logger": {
      "version": "1.0.5",
      "resolved": "https://registry.npmjs.org/ocbesbn-logger/-/ocbesbn-logger-1.0.5.tgz",
      "integrity": "sha1-J6m3IdOgjxPNEZWZjKbwdhKBvuQ=",
      "requires": {
        "extend": "3.0.1"
      }
    },
    "papi": {
      "version": "0.27.0",
      "resolved": "https://registry.npmjs.org/papi/-/papi-0.27.0.tgz",
      "integrity": "sha1-c5Kjjr76f7Z+mLNjvKPRNoJ8ryg="
    },
    "redis": {
      "version": "2.8.0",
      "resolved": "https://registry.npmjs.org/redis/-/redis-2.8.0.tgz",
      "integrity": "sha512-M1OkonEQwtRmZv4tEWF2VgpG0JWJ8Fv1PhlgT5+B+uNq2cA3Rt1Yt/ryoR+vQNOQcIEgdCdfH0jr3bDpihAw1A==",
      "requires": {
        "double-ended-queue": "2.1.0-0",
        "redis-commands": "1.3.1",
        "redis-parser": "2.6.0"
      }
    },
    "redis-commands": {
      "version": "1.3.1",
      "resolved": "https://registry.npmjs.org/redis-commands/-/redis-commands-1.3.1.tgz",
      "integrity": "sha1-gdgm9F+pyLIBH0zXoP5ZfSQdRCs="
    },
    "redis-parser": {
      "version": "2.6.0",
      "resolved": "https://registry.npmjs.org/redis-parser/-/redis-parser-2.6.0.tgz",
      "integrity": "sha1-Uu0J2srBCPGmMcB+m2mUHnoZUEs="
    }
  }
}
